
Microsoft Visual Studio Solution File, Format Version 12.00
# Visual Studio Version 16
VisualStudioVersion = 16.0.30717.126
MinimumVisualStudioVersion = 10.0.40219.1
Project("{FAE04EC0-301F-11D3-BF4B-00C04F79EFBC}") = "Cap3", "Cap3\Cap3.csproj", "{39AF26D9-A511-48D6-AFDB-818600DC1081}"
EndProject
Global
	GlobalSection(SolutionConfigurationPlatforms) = preSolution
		Debug|Any CPU = Debug|Any CPU
		Release|Any CPU = Release|Any CPU
	EndGlobalSection
	GlobalSection(ProjectConfigurationPlatforms) = postSolution
		{39AF26D9-A511-48D6-AFDB-818600DC1081}.Debug|Any CPU.ActiveCfg = Debug|Any CPU
		{39AF26D9-A511-48D6-AFDB-818600DC1081}.Debug|Any CPU.Build.0 = Debug|Any CPU
		{39AF26D9-A511-48D6-AFDB-818600DC1081}.Release|Any CPU.ActiveCfg = Release|Any CPU
		{39AF26D9-A511-48D6-AFDB-818600DC1081}.Release|Any CPU.Build.0 = Release|Any CPU
	EndGlobalSection
	GlobalSection(SolutionProperties) = preSolution
		HideSolutionNode = FALSE
	EndGlobalSection
	GlobalSection(ExtensibilityGlobals) = postSolution
		SolutionGuid = {6E8391F4-4804-4AAD-8892-F56254A6F0B8}
	EndGlobalSection
EndGlobal
